
Microsoft Visual Studio Solution File, Format Version 12.00
# Visual Studio 15
VisualStudioVersion = 15.0.28010.2016
MinimumVisualStudioVersion = 10.0.40219.1
Project("{FAE04EC0-301F-11D3-BF4B-00C04F79EFBC}") = "ViewTelaInicial", "ViewTelaInicial\ViewTelaInicial.csproj", "{0A60D282-C4FC-4A06-8CF7-E935AA77EEEF}"
EndProject
Project("{FAE04EC0-301F-11D3-BF4B-00C04F79EFBC}") = "Controller", "Controller\Controller.csproj", "{A195E865-29F2-43CC-9F00-39361F8C931F}"
EndProject
Project("{FAE04EC0-301F-11D3-BF4B-00C04F79EFBC}") = "Models", "Models\Models.csproj", "{0480E7E9-5B7B-4429-B9A6-83477EEEEABD}"
EndProject
Global
	GlobalSection(SolutionConfigurationPlatforms) = preSolution
		Debug|Any CPU = Debug|Any CPU
		Release|Any CPU = Release|Any CPU
	EndGlobalSection
	GlobalSection(ProjectConfigurationPlatforms) = postSolution
		{0A60D282-C4FC-4A06-8CF7-E935AA77EEEF}.Debug|Any CPU.ActiveCfg = Debug|Any CPU
		{0A60D282-C4FC-4A06-8CF7-E935AA77EEEF}.Debug|Any CPU.Build.0 = Debug|Any CPU
		{0A60D282-C4FC-4A06-8CF7-E935AA77EEEF}.Release|Any CPU.ActiveCfg = Release|Any CPU
		{0A60D282-C4FC-4A06-8CF7-E935AA77EEEF}.Release|Any CPU.Build.0 = Release|Any CPU
		{A195E865-29F2-43CC-9F00-39361F8C931F}.Debug|Any CPU.ActiveCfg = Debug|Any CPU
		{A195E865-29F2-43CC-9F00-39361F8C931F}.Debug|Any CPU.Build.0 = Debug|Any CPU
		{A195E865-29F2-43CC-9F00-39361F8C931F}.Release|Any CPU.ActiveCfg = Release|Any CPU
		{A195E865-29F2-43CC-9F00-39361F8C931F}.Release|Any CPU.Build.0 = Release|Any CPU
		{0480E7E9-5B7B-4429-B9A6-83477EEEEABD}.Debug|Any CPU.ActiveCfg = Debug|Any CPU
		{0480E7E9-5B7B-4429-B9A6-83477EEEEABD}.Debug|Any CPU.Build.0 = Debug|Any CPU
		{0480E7E9-5B7B-4429-B9A6-83477EEEEABD}.Release|Any CPU.ActiveCfg = Release|Any CPU
		{0480E7E9-5B7B-4429-B9A6-83477EEEEABD}.Release|Any CPU.Build.0 = Release|Any CPU
	EndGlobalSection
	GlobalSection(SolutionProperties) = preSolution
		HideSolutionNode = FALSE
	EndGlobalSection
	GlobalSection(ExtensibilityGlobals) = postSolution
		SolutionGuid = {B52B03D0-6484-447C-8DFB-2C421B9008CE}
	EndGlobalSection
EndGlobal
